// !$*UTF8*$!
{
	archiveVersion = 1;
	classes = {
	};
	objectVersion = 56;
	objects = {

/* Begin PBXBuildFile section */
		3608EF20293ECEBF0079C4A3 /* VersionCheckCenter.swift in Sources */ = {isa = PBXBuildFile; fileRef = 3608EF1F293ECEBF0079C4A3 /* VersionCheckCenter.swift */; };
		36120D4E2927074000B0A5E2 /* AppDelegate.swift in Sources */ = {isa = PBXBuildFile; fileRef = 36120D4D2927074000B0A5E2 /* AppDelegate.swift */; };
		36120D502927074000B0A5E2 /* SceneDelegate.swift in Sources */ = {isa = PBXBuildFile; fileRef = 36120D4F2927074000B0A5E2 /* SceneDelegate.swift */; };
		36120D522927074000B0A5E2 /* CameraViewController.swift in Sources */ = {isa = PBXBuildFile; fileRef = 36120D512927074000B0A5E2 /* CameraViewController.swift */; };
		36120D552927074000B0A5E2 /* Main.storyboard in Resources */ = {isa = PBXBuildFile; fileRef = 36120D532927074000B0A5E2 /* Main.storyboard */; };
		36120D572927074200B0A5E2 /* Assets.xcassets in Resources */ = {isa = PBXBuildFile; fileRef = 36120D562927074200B0A5E2 /* Assets.xcassets */; };
		36120D5A2927074200B0A5E2 /* LaunchScreen.storyboard in Resources */ = {isa = PBXBuildFile; fileRef = 36120D582927074200B0A5E2 /* LaunchScreen.storyboard */; };
		36120D652927074200B0A5E2 /* BlackSreenVideoTests.swift in Sources */ = {isa = PBXBuildFile; fileRef = 36120D642927074200B0A5E2 /* BlackSreenVideoTests.swift */; };
		36120D6F2927074200B0A5E2 /* BlackSreenVideoUITests.swift in Sources */ = {isa = PBXBuildFile; fileRef = 36120D6E2927074200B0A5E2 /* BlackSreenVideoUITests.swift */; };
		36120D712927074200B0A5E2 /* BlackSreenVideoUITestsLaunchTests.swift in Sources */ = {isa = PBXBuildFile; fileRef = 36120D702927074200B0A5E2 /* BlackSreenVideoUITestsLaunchTests.swift */; };
		362EB2D529309BD5002898E8 /* IConManager.swift in Sources */ = {isa = PBXBuildFile; fileRef = 362EB2D429309BD5002898E8 /* IConManager.swift */; };
		365FED392956AEC000A88A0D /* JBJson.swift in Sources */ = {isa = PBXBuildFile; fileRef = 365FED382956AEC000A88A0D /* JBJson.swift */; };
		36F6173F292E20BE00CA3C7F /* FakeView.swift in Sources */ = {isa = PBXBuildFile; fileRef = 36F6173E292E20BE00CA3C7F /* FakeView.swift */; };
		36F61745292E240300CA3C7F /* BaseTableViewController.swift in Sources */ = {isa = PBXBuildFile; fileRef = 36F61743292E240300CA3C7F /* BaseTableViewController.swift */; };
		36F61746292E240300CA3C7F /* TableViewAdapter.swift in Sources */ = {isa = PBXBuildFile; fileRef = 36F61744292E240300CA3C7F /* TableViewAdapter.swift */; };
		36F61749292E243000CA3C7F /* KeyboardHelper.swift in Sources */ = {isa = PBXBuildFile; fileRef = 36F61748292E243000CA3C7F /* KeyboardHelper.swift */; };
		36F6174B292E246100CA3C7F /* BaseViewController.swift in Sources */ = {isa = PBXBuildFile; fileRef = 36F6174A292E246100CA3C7F /* BaseViewController.swift */; };
		36F61750292E251F00CA3C7F /* LibraryViewController.swift in Sources */ = {isa = PBXBuildFile; fileRef = 36F6174F292E251F00CA3C7F /* LibraryViewController.swift */; };
		36F61752292E259400CA3C7F /* SettingCell.swift in Sources */ = {isa = PBXBuildFile; fileRef = 36F61751292E259400CA3C7F /* SettingCell.swift */; };
		36F61755292EF18900CA3C7F /* TagCell.swift in Sources */ = {isa = PBXBuildFile; fileRef = 36F61754292EF18900CA3C7F /* TagCell.swift */; };
		36F61757292EF1E100CA3C7F /* TagCell.xib in Resources */ = {isa = PBXBuildFile; fileRef = 36F61756292EF1E100CA3C7F /* TagCell.xib */; };
		36F6175E292F564200CA3C7F /* VideoView.swift in Sources */ = {isa = PBXBuildFile; fileRef = 36F6175D292F564200CA3C7F /* VideoView.swift */; };
		36F61760292F584700CA3C7F /* PlayViewController.swift in Sources */ = {isa = PBXBuildFile; fileRef = 36F6175F292F584700CA3C7F /* PlayViewController.swift */; };
		36F61762292F5B1A00CA3C7F /* PreviewView.swift in Sources */ = {isa = PBXBuildFile; fileRef = 36F61761292F5B1A00CA3C7F /* PreviewView.swift */; };
		36F6176529304BEA00CA3C7F /* PreviewCell.swift in Sources */ = {isa = PBXBuildFile; fileRef = 36F6176429304BEA00CA3C7F /* PreviewCell.swift */; };
		36F6176729304CEF00CA3C7F /* PreviewCell.xib in Resources */ = {isa = PBXBuildFile; fileRef = 36F6176629304CEF00CA3C7F /* PreviewCell.xib */; };
		94627F93293A2AF9007DBBBA /* StoreKit.framework in Frameworks */ = {isa = PBXBuildFile; fileRef = 94627F92293A2AF9007DBBBA /* StoreKit.framework */; };
		94627F95293A2D16007DBBBA /* IAPCenter.swift in Sources */ = {isa = PBXBuildFile; fileRef = 94627F94293A2D16007DBBBA /* IAPCenter.swift */; };
		94801DBA292E645B00B018E6 /* StackBottomBarView.swift in Sources */ = {isa = PBXBuildFile; fileRef = 94801DB9292E645B00B018E6 /* StackBottomBarView.swift */; };
		94801DBC292E649000B018E6 /* SwiftButton.swift in Sources */ = {isa = PBXBuildFile; fileRef = 94801DBB292E649000B018E6 /* SwiftButton.swift */; };
		9492AFCE292E3DC500C4AA13 /* SettingCell.xib in Resources */ = {isa = PBXBuildFile; fileRef = 9492AFCD292E3DC500C4AA13 /* SettingCell.xib */; };
		9492AFD0292E421B00C4AA13 /* Extension.swift in Sources */ = {isa = PBXBuildFile; fileRef = 9492AFCF292E421B00C4AA13 /* Extension.swift */; };
		9492AFD3292E44DF00C4AA13 /* SettingViewController.swift in Sources */ = {isa = PBXBuildFile; fileRef = 9492AFD2292E44DF00C4AA13 /* SettingViewController.swift */; };
		9492AFD5292E46BC00C4AA13 /* UserInfoCenter.swift in Sources */ = {isa = PBXBuildFile; fileRef = 9492AFD4292E46BC00C4AA13 /* UserInfoCenter.swift */; };
		9492AFD7292E494100C4AA13 /* CodeModel.swift in Sources */ = {isa = PBXBuildFile; fileRef = 9492AFD6292E494100C4AA13 /* CodeModel.swift */; };
		9492AFDC292E506800C4AA13 /* LaunchviewController.swift in Sources */ = {isa = PBXBuildFile; fileRef = 9492AFDB292E506800C4AA13 /* LaunchviewController.swift */; };
		9492AFDE292E61A500C4AA13 /* SelectViewController.swift in Sources */ = {isa = PBXBuildFile; fileRef = 9492AFDD292E61A500C4AA13 /* SelectViewController.swift */; };
		94C26A112931B279001A3C20 /* CollectionViewAdapter.swift in Sources */ = {isa = PBXBuildFile; fileRef = 94C26A102931B279001A3C20 /* CollectionViewAdapter.swift */; };
		94C26A142931B3DF001A3C20 /* CellProtocol.swift in Sources */ = {isa = PBXBuildFile; fileRef = 94C26A132931B3DF001A3C20 /* CellProtocol.swift */; };
		94C26A162931B625001A3C20 /* GridViewController.swift in Sources */ = {isa = PBXBuildFile; fileRef = 94C26A152931B625001A3C20 /* GridViewController.swift */; };
		94C26A192931B6E8001A3C20 /* CollectionImageCell.swift in Sources */ = {isa = PBXBuildFile; fileRef = 94C26A182931B6E8001A3C20 /* CollectionImageCell.swift */; };
		94C26A1C2931B702001A3C20 /* ImageCell.xib in Resources */ = {isa = PBXBuildFile; fileRef = 94C26A1A2931B702001A3C20 /* ImageCell.xib */; };
		94C26A1D2931B702001A3C20 /* ImageCell.swift in Sources */ = {isa = PBXBuildFile; fileRef = 94C26A1B2931B702001A3C20 /* ImageCell.swift */; };
		94C26A252931BC99001A3C20 /* BaseCollectionViewController.swift in Sources */ = {isa = PBXBuildFile; fileRef = 94C26A242931BC99001A3C20 /* BaseCollectionViewController.swift */; };
/* End PBXBuildFile section */

/* Begin PBXContainerItemProxy section */
		36120D612927074200B0A5E2 /* PBXContainerItemProxy */ = {
			isa = PBXContainerItemProxy;
			containerPortal = 36120D422927074000B0A5E2 /* Project object */;
			proxyType = 1;
			remoteGlobalIDString = 36120D492927074000B0A5E2;
			remoteInfo = BlackSreenVideo;
		};
		36120D6B2927074200B0A5E2 /* PBXContainerItemProxy */ = {
			isa = PBXContainerItemProxy;
			containerPortal = 36120D422927074000B0A5E2 /* Project object */;
			proxyType = 1;
			remoteGlobalIDString = 36120D492927074000B0A5E2;
			remoteInfo = BlackSreenVideo;
		};
/* End PBXContainerItemProxy section */

/* Begin PBXFileReference section */
		3608EF1F293ECEBF0079C4A3 /* VersionCheckCenter.swift */ = {isa = PBXFileReference; lastKnownFileType = sourcecode.swift; path = VersionCheckCenter.swift; sourceTree = "<group>"; };
		36120D4A2927074000B0A5E2 /* BlackSreenVideo.app */ = {isa = PBXFileReference; explicitFileType = wrapper.application; includeInIndex = 0; path = BlackSreenVideo.app; sourceTree = BUILT_PRODUCTS_DIR; };
		36120D4D2927074000B0A5E2 /* AppDelegate.swift */ = {isa = PBXFileReference; lastKnownFileType = sourcecode.swift; path = AppDelegate.swift; sourceTree = "<group>"; };
		36120D4F2927074000B0A5E2 /* SceneDelegate.swift */ = {isa = PBXFileReference; lastKnownFileType = sourcecode.swift; path = SceneDelegate.swift; sourceTree = "<group>"; };
		36120D512927074000B0A5E2 /* CameraViewController.swift */ = {isa = PBXFileReference; lastKnownFileType = sourcecode.swift; path = CameraViewController.swift; sourceTree = "<group>"; };
		36120D542927074000B0A5E2 /* Base */ = {isa = PBXFileReference; lastKnownFileType = file.storyboard; name = Base; path = Base.lproj/Main.storyboard; sourceTree = "<group>"; };
		36120D562927074200B0A5E2 /* Assets.xcassets */ = {isa = PBXFileReference; lastKnownFileType = folder.assetcatalog; path = Assets.xcassets; sourceTree = "<group>"; };
		36120D592927074200B0A5E2 /* Base */ = {isa = PBXFileReference; lastKnownFileType = file.storyboard; name = Base; path = Base.lproj/LaunchScreen.storyboard; sourceTree = "<group>"; };
		36120D5B2927074200B0A5E2 /* Info.plist */ = {isa = PBXFileReference; lastKnownFileType = text.plist.xml; path = Info.plist; sourceTree = "<group>"; };
		36120D602927074200B0A5E2 /* BlackSreenVideoTests.xctest */ = {isa = PBXFileReference; explicitFileType = wrapper.cfbundle; includeInIndex = 0; path = BlackSreenVideoTests.xctest; sourceTree = BUILT_PRODUCTS_DIR; };
		36120D642927074200B0A5E2 /* BlackSreenVideoTests.swift */ = {isa = PBXFileReference; lastKnownFileType = sourcecode.swift; path = BlackSreenVideoTests.swift; sourceTree = "<group>"; };
		36120D6A2927074200B0A5E2 /* BlackSreenVideoUITests.xctest */ = {isa = PBXFileReference; explicitFileType = wrapper.cfbundle; includeInIndex = 0; path = BlackSreenVideoUITests.xctest; sourceTree = BUILT_PRODUCTS_DIR; };
		36120D6E2927074200B0A5E2 /* BlackSreenVideoUITests.swift */ = {isa = PBXFileReference; lastKnownFileType = sourcecode.swift; path = BlackSreenVideoUITests.swift; sourceTree = "<group>"; };
		36120D702927074200B0A5E2 /* BlackSreenVideoUITestsLaunchTests.swift */ = {isa = PBXFileReference; lastKnownFileType = sourcecode.swift; path = BlackSreenVideoUITestsLaunchTests.swift; sourceTree = "<group>"; };
		362EB2D429309BD5002898E8 /* IConManager.swift */ = {isa = PBXFileReference; lastKnownFileType = sourcecode.swift; path = IConManager.swift; sourceTree = "<group>"; };
		365FED382956AEC000A88A0D /* JBJson.swift */ = {isa = PBXFileReference; lastKnownFileType = sourcecode.swift; path = JBJson.swift; sourceTree = "<group>"; };
		36F6173E292E20BE00CA3C7F /* FakeView.swift */ = {isa = PBXFileReference; fileEncoding = 4; lastKnownFileType = sourcecode.swift; path = FakeView.swift; sourceTree = "<group>"; };
		36F61743292E240300CA3C7F /* BaseTableViewController.swift */ = {isa = PBXFileReference; fileEncoding = 4; lastKnownFileType = sourcecode.swift; path = BaseTableViewController.swift; sourceTree = "<group>"; };
		36F61744292E240300CA3C7F /* TableViewAdapter.swift */ = {isa = PBXFileReference; fileEncoding = 4; lastKnownFileType = sourcecode.swift; path = TableViewAdapter.swift; sourceTree = "<group>"; };
		36F61748292E243000CA3C7F /* KeyboardHelper.swift */ = {isa = PBXFileReference; fileEncoding = 4; lastKnownFileType = sourcecode.swift; path = KeyboardHelper.swift; sourceTree = "<group>"; };
		36F6174A292E246100CA3C7F /* BaseViewController.swift */ = {isa = PBXFileReference; lastKnownFileType = sourcecode.swift; path = BaseViewController.swift; sourceTree = "<group>"; };
		36F6174F292E251F00CA3C7F /* LibraryViewController.swift */ = {isa = PBXFileReference; lastKnownFileType = sourcecode.swift; path = LibraryViewController.swift; sourceTree = "<group>"; };
		36F61751292E259400CA3C7F /* SettingCell.swift */ = {isa = PBXFileReference; lastKnownFileType = sourcecode.swift; path = SettingCell.swift; sourceTree = "<group>"; };
		36F61754292EF18900CA3C7F /* TagCell.swift */ = {isa = PBXFileReference; lastKnownFileType = sourcecode.swift; path = TagCell.swift; sourceTree = "<group>"; };
		36F61756292EF1E100CA3C7F /* TagCell.xib */ = {isa = PBXFileReference; lastKnownFileType = file.xib; path = TagCell.xib; sourceTree = "<group>"; };
		36F6175D292F564200CA3C7F /* VideoView.swift */ = {isa = PBXFileReference; lastKnownFileType = sourcecode.swift; path = VideoView.swift; sourceTree = "<group>"; };
		36F6175F292F584700CA3C7F /* PlayViewController.swift */ = {isa = PBXFileReference; lastKnownFileType = sourcecode.swift; path = PlayViewController.swift; sourceTree = "<group>"; };
		36F61761292F5B1A00CA3C7F /* PreviewView.swift */ = {isa = PBXFileReference; fileEncoding = 4; lastKnownFileType = sourcecode.swift; path = PreviewView.swift; sourceTree = "<group>"; };
		36F6176429304BEA00CA3C7F /* PreviewCell.swift */ = {isa = PBXFileReference; lastKnownFileType = sourcecode.swift; path = PreviewCell.swift; sourceTree = "<group>"; };
		36F6176629304CEF00CA3C7F /* PreviewCell.xib */ = {isa = PBXFileReference; lastKnownFileType = file.xib; path = PreviewCell.xib; sourceTree = "<group>"; };
		94627F92293A2AF9007DBBBA /* StoreKit.framework */ = {isa = PBXFileReference; lastKnownFileType = wrapper.framework; name = StoreKit.framework; path = System/Library/Frameworks/StoreKit.framework; sourceTree = SDKROOT; };
		94627F94293A2D16007DBBBA /* IAPCenter.swift */ = {isa = PBXFileReference; lastKnownFileType = sourcecode.swift; path = IAPCenter.swift; sourceTree = "<group>"; };
		947B64A8293E237E0058813E /* BlackSreenVideoDebug.entitlements */ = {isa = PBXFileReference; lastKnownFileType = text.plist.entitlements; path = BlackSreenVideoDebug.entitlements; sourceTree = "<group>"; };
		94801DB9292E645B00B018E6 /* StackBottomBarView.swift */ = {isa = PBXFileReference; fileEncoding = 4; lastKnownFileType = sourcecode.swift; path = StackBottomBarView.swift; sourceTree = "<group>"; };
		94801DBB292E649000B018E6 /* SwiftButton.swift */ = {isa = PBXFileReference; fileEncoding = 4; lastKnownFileType = sourcecode.swift; path = SwiftButton.swift; sourceTree = "<group>"; };
		9492AFCD292E3DC500C4AA13 /* SettingCell.xib */ = {isa = PBXFileReference; lastKnownFileType = file.xib; path = SettingCell.xib; sourceTree = "<group>"; };
		9492AFCF292E421B00C4AA13 /* Extension.swift */ = {isa = PBXFileReference; lastKnownFileType = sourcecode.swift; path = Extension.swift; sourceTree = "<group>"; };
		9492AFD2292E44DF00C4AA13 /* SettingViewController.swift */ = {isa = PBXFileReference; lastKnownFileType = sourcecode.swift; path = SettingViewController.swift; sourceTree = "<group>"; };
		9492AFD4292E46BC00C4AA13 /* UserInfoCenter.swift */ = {isa = PBXFileReference; lastKnownFileType = sourcecode.swift; path = UserInfoCenter.swift; sourceTree = "<group>"; };
		9492AFD6292E494100C4AA13 /* CodeModel.swift */ = {isa = PBXFileReference; lastKnownFileType = sourcecode.swift; path = CodeModel.swift; sourceTree = "<group>"; };
		9492AFDB292E506800C4AA13 /* LaunchviewController.swift */ = {isa = PBXFileReference; lastKnownFileType = sourcecode.swift; path = LaunchviewController.swift; sourceTree = "<group>"; };
		9492AFDD292E61A500C4AA13 /* SelectViewController.swift */ = {isa = PBXFileReference; lastKnownFileType = sourcecode.swift; path = SelectViewController.swift; sourceTree = "<group>"; };
		94C26A102931B279001A3C20 /* CollectionViewAdapter.swift */ = {isa = PBXFileReference; lastKnownFileType = sourcecode.swift; path = CollectionViewAdapter.swift; sourceTree = "<group>"; };
		94C26A132931B3DF001A3C20 /* CellProtocol.swift */ = {isa = PBXFileReference; lastKnownFileType = sourcecode.swift; path = CellProtocol.swift; sourceTree = "<group>"; };
		94C26A152931B625001A3C20 /* GridViewController.swift */ = {isa = PBXFileReference; lastKnownFileType = sourcecode.swift; path = GridViewController.swift; sourceTree = "<group>"; };
		94C26A182931B6E8001A3C20 /* CollectionImageCell.swift */ = {isa = PBXFileReference; lastKnownFileType = sourcecode.swift; path = CollectionImageCell.swift; sourceTree = "<group>"; };
		94C26A1A2931B702001A3C20 /* ImageCell.xib */ = {isa = PBXFileReference; fileEncoding = 4; lastKnownFileType = file.xib; path = ImageCell.xib; sourceTree = "<group>"; };
		94C26A1B2931B702001A3C20 /* ImageCell.swift */ = {isa = PBXFileReference; fileEncoding = 4; lastKnownFileType = sourcecode.swift; path = ImageCell.swift; sourceTree = "<group>"; };
		94C26A242931BC99001A3C20 /* BaseCollectionViewController.swift */ = {isa = PBXFileReference; lastKnownFileType = sourcecode.swift; path = BaseCollectionViewController.swift; sourceTree = "<group>"; };
/* End PBXFileReference section */

/* Begin PBXFrameworksBuildPhase section */
		36120D472927074000B0A5E2 /* Frameworks */ = {
			isa = PBXFrameworksBuildPhase;
			buildActionMask = 2147483647;
			files = (
				94627F93293A2AF9007DBBBA /* StoreKit.framework in Frameworks */,
			);
			runOnlyForDeploymentPostprocessing = 0;
		};
		36120D5D2927074200B0A5E2 /* Frameworks */ = {
			isa = PBXFrameworksBuildPhase;
			buildActionMask = 2147483647;
			files = (
			);
			runOnlyForDeploymentPostprocessing = 0;
		};
		36120D672927074200B0A5E2 /* Frameworks */ = {
			isa = PBXFrameworksBuildPhase;
			buildActionMask = 2147483647;
			files = (
			);
			runOnlyForDeploymentPostprocessing = 0;
		};
/* End PBXFrameworksBuildPhase section */

/* Begin PBXGroup section */
		36120D412927074000B0A5E2 = {
			isa = PBXGroup;
			children = (
				36120D4C2927074000B0A5E2 /* BlackSreenVideo */,
				36120D632927074200B0A5E2 /* BlackSreenVideoTests */,
				36120D6D2927074200B0A5E2 /* BlackSreenVideoUITests */,
				36120D4B2927074000B0A5E2 /* Products */,
				94627F91293A2AF9007DBBBA /* Frameworks */,
			);
			sourceTree = "<group>";
		};
		36120D4B2927074000B0A5E2 /* Products */ = {
			isa = PBXGroup;
			children = (
				36120D4A2927074000B0A5E2 /* BlackSreenVideo.app */,
				36120D602927074200B0A5E2 /* BlackSreenVideoTests.xctest */,
				36120D6A2927074200B0A5E2 /* BlackSreenVideoUITests.xctest */,
			);
			name = Products;
			sourceTree = "<group>";
		};
		36120D4C2927074000B0A5E2 /* BlackSreenVideo */ = {
			isa = PBXGroup;
			children = (
				947B64A8293E237E0058813E /* BlackSreenVideoDebug.entitlements */,
				36120D4D2927074000B0A5E2 /* AppDelegate.swift */,
				36120D4F2927074000B0A5E2 /* SceneDelegate.swift */,
				94C26A1F2931BB46001A3C20 /* IConManager */,
				36F6174C292E24D200CA3C7F /* Helper */,
				94C26A122931B39E001A3C20 /* BaseView + Adapter */,
				36F61740292E232500CA3C7F /* CustomView */,
				36F6174E292E24F000CA3C7F /* Pages */,
				36120D532927074000B0A5E2 /* Main.storyboard */,
				36120D562927074200B0A5E2 /* Assets.xcassets */,
				36120D582927074200B0A5E2 /* LaunchScreen.storyboard */,
				36120D5B2927074200B0A5E2 /* Info.plist */,
			);
			path = BlackSreenVideo;
			sourceTree = "<group>";
		};
		36120D632927074200B0A5E2 /* BlackSreenVideoTests */ = {
			isa = PBXGroup;
			children = (
				36120D642927074200B0A5E2 /* BlackSreenVideoTests.swift */,
			);
			path = BlackSreenVideoTests;
			sourceTree = "<group>";
		};
		36120D6D2927074200B0A5E2 /* BlackSreenVideoUITests */ = {
			isa = PBXGroup;
			children = (
				36120D6E2927074200B0A5E2 /* BlackSreenVideoUITests.swift */,
				36120D702927074200B0A5E2 /* BlackSreenVideoUITestsLaunchTests.swift */,
			);
			path = BlackSreenVideoUITests;
			sourceTree = "<group>";
		};
		36F6173D292E14E400CA3C7F /* Camera */ = {
			isa = PBXGroup;
			children = (
				36120D512927074000B0A5E2 /* CameraViewController.swift */,
			);
			path = Camera;
			sourceTree = "<group>";
		};
		36F61740292E232500CA3C7F /* CustomView */ = {
			isa = PBXGroup;
			children = (
				94801DBB292E649000B018E6 /* SwiftButton.swift */,
				94801DB9292E645B00B018E6 /* StackBottomBarView.swift */,
				36F6173E292E20BE00CA3C7F /* FakeView.swift */,
				36F61761292F5B1A00CA3C7F /* PreviewView.swift */,
				36F6175D292F564200CA3C7F /* VideoView.swift */,
			);
			path = CustomView;
			sourceTree = "<group>";
		};
		36F61742292E23A100CA3C7F /* Library */ = {
			isa = PBXGroup;
			children = (
				36F6174F292E251F00CA3C7F /* LibraryViewController.swift */,
				36F6175F292F584700CA3C7F /* PlayViewController.swift */,
				36F6176329304BD500CA3C7F /* Cells */,
			);
			path = Library;
			sourceTree = "<group>";
		};
		36F61747292E240600CA3C7F /* TableviewBase + Adapter */ = {
			isa = PBXGroup;
			children = (
				36F61743292E240300CA3C7F /* BaseTableViewController.swift */,
				36F61744292E240300CA3C7F /* TableViewAdapter.swift */,
			);
			path = "TableviewBase + Adapter";
			sourceTree = "<group>";
		};
		36F6174C292E24D200CA3C7F /* Helper */ = {
			isa = PBXGroup;
			children = (
				94627F94293A2D16007DBBBA /* IAPCenter.swift */,
				9492AFD4292E46BC00C4AA13 /* UserInfoCenter.swift */,
				36F61748292E243000CA3C7F /* KeyboardHelper.swift */,
				9492AFCF292E421B00C4AA13 /* Extension.swift */,
				3608EF1F293ECEBF0079C4A3 /* VersionCheckCenter.swift */,
				365FED382956AEC000A88A0D /* JBJson.swift */,
				36F61758292EF6E700CA3C7F /* CodeModel */,
			);
			path = Helper;
			sourceTree = "<group>";
		};
		36F6174D292E24D900CA3C7F /* BaseViewController */ = {
			isa = PBXGroup;
			children = (
				36F6174A292E246100CA3C7F /* BaseViewController.swift */,
			);
			path = BaseViewController;
			sourceTree = "<group>";
		};
		36F6174E292E24F000CA3C7F /* Pages */ = {
			isa = PBXGroup;
			children = (
				9492AFDB292E506800C4AA13 /* LaunchviewController.swift */,
				9492AFDD292E61A500C4AA13 /* SelectViewController.swift */,
				94C26A172931B6C4001A3C20 /* GridViewController */,
				36F6173D292E14E400CA3C7F /* Camera */,
				36F61742292E23A100CA3C7F /* Library */,
				9492AFD1292E445700C4AA13 /* Setting */,
			);
			path = Pages;
			sourceTree = "<group>";
		};
		36F61753292E260100CA3C7F /* Cells */ = {
			isa = PBXGroup;
			children = (
				36F61754292EF18900CA3C7F /* TagCell.swift */,
				36F61756292EF1E100CA3C7F /* TagCell.xib */,
				36F61751292E259400CA3C7F /* SettingCell.swift */,
				9492AFCD292E3DC500C4AA13 /* SettingCell.xib */,
			);
			path = Cells;
			sourceTree = "<group>";
		};
		36F61758292EF6E700CA3C7F /* CodeModel */ = {
			isa = PBXGroup;
			children = (
				9492AFD6292E494100C4AA13 /* CodeModel.swift */,
			);
			path = CodeModel;
			sourceTree = "<group>";
		};
		36F6176329304BD500CA3C7F /* Cells */ = {
			isa = PBXGroup;
			children = (
				36F6176429304BEA00CA3C7F /* PreviewCell.swift */,
				36F6176629304CEF00CA3C7F /* PreviewCell.xib */,
			);
			path = Cells;
			sourceTree = "<group>";
		};
		94627F91293A2AF9007DBBBA /* Frameworks */ = {
			isa = PBXGroup;
			children = (
				94627F92293A2AF9007DBBBA /* StoreKit.framework */,
			);
			name = Frameworks;
			sourceTree = "<group>";
		};
		9492AFD1292E445700C4AA13 /* Setting */ = {
			isa = PBXGroup;
			children = (
				9492AFD2292E44DF00C4AA13 /* SettingViewController.swift */,
				36F61753292E260100CA3C7F /* Cells */,
			);
			path = Setting;
			sourceTree = "<group>";
		};
		94C26A0F2931B23A001A3C20 /* CollectionView + Adapter */ = {
			isa = PBXGroup;
			children = (
				94C26A102931B279001A3C20 /* CollectionViewAdapter.swift */,
				94C26A242931BC99001A3C20 /* BaseCollectionViewController.swift */,
			);
			path = "CollectionView + Adapter";
			sourceTree = "<group>";
		};
		94C26A122931B39E001A3C20 /* BaseView + Adapter */ = {
			isa = PBXGroup;
			children = (
				36F6174D292E24D900CA3C7F /* BaseViewController */,
				94C26A0F2931B23A001A3C20 /* CollectionView + Adapter */,
				36F61747292E240600CA3C7F /* TableviewBase + Adapter */,
				94C26A132931B3DF001A3C20 /* CellProtocol.swift */,
			);
			path = "BaseView + Adapter";
			sourceTree = "<group>";
		};
		94C26A172931B6C4001A3C20 /* GridViewController */ = {
			isa = PBXGroup;
			children = (
				94C26A152931B625001A3C20 /* GridViewController.swift */,
				94C26A182931B6E8001A3C20 /* CollectionImageCell.swift */,
				94C26A1E2931B80F001A3C20 /* Cell */,
			);
			path = GridViewController;
			sourceTree = "<group>";
		};
		94C26A1E2931B80F001A3C20 /* Cell */ = {
			isa = PBXGroup;
			children = (
				94C26A1B2931B702001A3C20 /* ImageCell.swift */,
				94C26A1A2931B702001A3C20 /* ImageCell.xib */,
			);
			path = Cell;
			sourceTree = "<group>";
		};
		94C26A1F2931BB46001A3C20 /* IConManager */ = {
			isa = PBXGroup;
			children = (
				362EB2D429309BD5002898E8 /* IConManager.swift */,
			);
			path = IConManager;
			sourceTree = "<group>";
		};
/* End PBXGroup section */

/* Begin PBXNativeTarget section */
		36120D492927074000B0A5E2 /* BlackSreenVideo */ = {
			isa = PBXNativeTarget;
			buildConfigurationList = 36120D742927074200B0A5E2 /* Build configuration list for PBXNativeTarget "BlackSreenVideo" */;
			buildPhases = (
				36120D462927074000B0A5E2 /* Sources */,
				36120D472927074000B0A5E2 /* Frameworks */,
				36120D482927074000B0A5E2 /* Resources */,
			);
			buildRules = (
			);
			dependencies = (
			);
			name = BlackSreenVideo;
			productName = BlackSreenVideo;
			productReference = 36120D4A2927074000B0A5E2 /* BlackSreenVideo.app */;
			productType = "com.apple.product-type.application";
		};
		36120D5F2927074200B0A5E2 /* BlackSreenVideoTests */ = {
			isa = PBXNativeTarget;
			buildConfigurationList = 36120D772927074200B0A5E2 /* Build configuration list for PBXNativeTarget "BlackSreenVideoTests" */;
			buildPhases = (
				36120D5C2927074200B0A5E2 /* Sources */,
				36120D5D2927074200B0A5E2 /* Frameworks */,
				36120D5E2927074200B0A5E2 /* Resources */,
			);
			buildRules = (
			);
			dependencies = (
				36120D622927074200B0A5E2 /* PBXTargetDependency */,
			);
			name = BlackSreenVideoTests;
			productName = BlackSreenVideoTests;
			productReference = 36120D602927074200B0A5E2 /* BlackSreenVideoTests.xctest */;
			productType = "com.apple.product-type.bundle.unit-test";
		};
		36120D692927074200B0A5E2 /* BlackSreenVideoUITests */ = {
			isa = PBXNativeTarget;
			buildConfigurationList = 36120D7A2927074200B0A5E2 /* Build configuration list for PBXNativeTarget "BlackSreenVideoUITests" */;
			buildPhases = (
				36120D662927074200B0A5E2 /* Sources */,
				36120D672927074200B0A5E2 /* Frameworks */,
				36120D682927074200B0A5E2 /* Resources */,
			);
			buildRules = (
			);
			dependencies = (
				36120D6C2927074200B0A5E2 /* PBXTargetDependency */,
			);
			name = BlackSreenVideoUITests;
			productName = BlackSreenVideoUITests;
			productReference = 36120D6A2927074200B0A5E2 /* BlackSreenVideoUITests.xctest */;
			productType = "com.apple.product-type.bundle.ui-testing";
		};
/* End PBXNativeTarget section */

/* Begin PBXProject section */
		36120D422927074000B0A5E2 /* Project object */ = {
			isa = PBXProject;
			attributes = {
				BuildIndependentTargetsInParallel = 1;
				LastSwiftUpdateCheck = 1400;
				LastUpgradeCheck = 1400;
				TargetAttributes = {
					36120D492927074000B0A5E2 = {
						CreatedOnToolsVersion = 14.0.1;
					};
					36120D5F2927074200B0A5E2 = {
						CreatedOnToolsVersion = 14.0.1;
						TestTargetID = 36120D492927074000B0A5E2;
					};
					36120D692927074200B0A5E2 = {
						CreatedOnToolsVersion = 14.0.1;
						TestTargetID = 36120D492927074000B0A5E2;
					};
				};
			};
			buildConfigurationList = 36120D452927074000B0A5E2 /* Build configuration list for PBXProject "BlackSreenVideo" */;
			compatibilityVersion = "Xcode 14.0";
			developmentRegion = en;
			hasScannedForEncodings = 0;
			knownRegions = (
				en,
				Base,
			);
			mainGroup = 36120D412927074000B0A5E2;
			productRefGroup = 36120D4B2927074000B0A5E2 /* Products */;
			projectDirPath = "";
			projectRoot = "";
			targets = (
				36120D492927074000B0A5E2 /* BlackSreenVideo */,
				36120D5F2927074200B0A5E2 /* BlackSreenVideoTests */,
				36120D692927074200B0A5E2 /* BlackSreenVideoUITests */,
			);
		};
/* End PBXProject section */

/* Begin PBXResourcesBuildPhase section */
		36120D482927074000B0A5E2 /* Resources */ = {
			isa = PBXResourcesBuildPhase;
			buildActionMask = 2147483647;
			files = (
				36120D5A2927074200B0A5E2 /* LaunchScreen.storyboard in Resources */,
				36F61757292EF1E100CA3C7F /* TagCell.xib in Resources */,
				94C26A1C2931B702001A3C20 /* ImageCell.xib in Resources */,
				36120D572927074200B0A5E2 /* Assets.xcassets in Resources */,
				9492AFCE292E3DC500C4AA13 /* SettingCell.xib in Resources */,
				36F6176729304CEF00CA3C7F /* PreviewCell.xib in Resources */,
				36120D552927074000B0A5E2 /* Main.storyboard in Resources */,
			);
			runOnlyForDeploymentPostprocessing = 0;
		};
		36120D5E2927074200B0A5E2 /* Resources */ = {
			isa = PBXResourcesBuildPhase;
			buildActionMask = 2147483647;
			files = (
			);
			runOnlyForDeploymentPostprocessing = 0;
		};
		36120D682927074200B0A5E2 /* Resources */ = {
			isa = PBXResourcesBuildPhase;
			buildActionMask = 2147483647;
			files = (
			);
			runOnlyForDeploymentPostprocessing = 0;
		};
/* End PBXResourcesBuildPhase section */

/* Begin PBXSourcesBuildPhase section */
		36120D462927074000B0A5E2 /* Sources */ = {
			isa = PBXSourcesBuildPhase;
			buildActionMask = 2147483647;
			files = (
				362EB2D529309BD5002898E8 /* IConManager.swift in Sources */,
				94C26A142931B3DF001A3C20 /* CellProtocol.swift in Sources */,
				9492AFDE292E61A500C4AA13 /* SelectViewController.swift in Sources */,
				36F61762292F5B1A00CA3C7F /* PreviewView.swift in Sources */,
				36F61749292E243000CA3C7F /* KeyboardHelper.swift in Sources */,
				94801DBA292E645B00B018E6 /* StackBottomBarView.swift in Sources */,
				36F6176529304BEA00CA3C7F /* PreviewCell.swift in Sources */,
				9492AFD7292E494100C4AA13 /* CodeModel.swift in Sources */,
				36F61760292F584700CA3C7F /* PlayViewController.swift in Sources */,
				94C26A252931BC99001A3C20 /* BaseCollectionViewController.swift in Sources */,
				36F61745292E240300CA3C7F /* BaseTableViewController.swift in Sources */,
				9492AFDC292E506800C4AA13 /* LaunchviewController.swift in Sources */,
				36120D522927074000B0A5E2 /* CameraViewController.swift in Sources */,
				9492AFD3292E44DF00C4AA13 /* SettingViewController.swift in Sources */,
				9492AFD0292E421B00C4AA13 /* Extension.swift in Sources */,
				36F61752292E259400CA3C7F /* SettingCell.swift in Sources */,
				36F61746292E240300CA3C7F /* TableViewAdapter.swift in Sources */,
				94C26A112931B279001A3C20 /* CollectionViewAdapter.swift in Sources */,
				365FED392956AEC000A88A0D /* JBJson.swift in Sources */,
				36F61755292EF18900CA3C7F /* TagCell.swift in Sources */,
				94C26A192931B6E8001A3C20 /* CollectionImageCell.swift in Sources */,
				36F6174B292E246100CA3C7F /* BaseViewController.swift in Sources */,
				36F61750292E251F00CA3C7F /* LibraryViewController.swift in Sources */,
				36F6175E292F564200CA3C7F /* VideoView.swift in Sources */,
				94801DBC292E649000B018E6 /* SwiftButton.swift in Sources */,
				3608EF20293ECEBF0079C4A3 /* VersionCheckCenter.swift in Sources */,
				36F6173F292E20BE00CA3C7F /* FakeView.swift in Sources */,
				94C26A162931B625001A3C20 /* GridViewController.swift in Sources */,
				36120D4E2927074000B0A5E2 /* AppDelegate.swift in Sources */,
				36120D502927074000B0A5E2 /* SceneDelegate.swift in Sources */,
				9492AFD5292E46BC00C4AA13 /* UserInfoCenter.swift in Sources */,
				94627F95293A2D16007DBBBA /* IAPCenter.swift in Sources */,
				94C26A1D2931B702001A3C20 /* ImageCell.swift in Sources */,
			);
			runOnlyForDeploymentPostprocessing = 0;
		};
		36120D5C2927074200B0A5E2 /* Sources */ = {
			isa = PBXSourcesBuildPhase;
			buildActionMask = 2147483647;
			files = (
				36120D652927074200B0A5E2 /* BlackSreenVideoTests.swift in Sources */,
			);
			runOnlyForDeploymentPostprocessing = 0;
		};
		36120D662927074200B0A5E2 /* Sources */ = {
			isa = PBXSourcesBuildPhase;
			buildActionMask = 2147483647;
			files = (
				36120D712927074200B0A5E2 /* BlackSreenVideoUITestsLaunchTests.swift in Sources */,
				36120D6F2927074200B0A5E2 /* BlackSreenVideoUITests.swift in Sources */,
			);
			runOnlyForDeploymentPostprocessing = 0;
		};
/* End PBXSourcesBuildPhase section */

/* Begin PBXTargetDependency section */
		36120D622927074200B0A5E2 /* PBXTargetDependency */ = {
			isa = PBXTargetDependency;
			target = 36120D492927074000B0A5E2 /* BlackSreenVideo */;
			targetProxy = 36120D612927074200B0A5E2 /* PBXContainerItemProxy */;
		};
		36120D6C2927074200B0A5E2 /* PBXTargetDependency */ = {
			isa = PBXTargetDependency;
			target = 36120D492927074000B0A5E2 /* BlackSreenVideo */;
			targetProxy = 36120D6B2927074200B0A5E2 /* PBXContainerItemProxy */;
		};
/* End PBXTargetDependency section */

/* Begin PBXVariantGroup section */
		36120D532927074000B0A5E2 /* Main.storyboard */ = {
			isa = PBXVariantGroup;
			children = (
				36120D542927074000B0A5E2 /* Base */,
			);
			name = Main.storyboard;
			sourceTree = "<group>";
		};
		36120D582927074200B0A5E2 /* LaunchScreen.storyboard */ = {
			isa = PBXVariantGroup;
			children = (
				36120D592927074200B0A5E2 /* Base */,
			);
			name = LaunchScreen.storyboard;
			sourceTree = "<group>";
		};
/* End PBXVariantGroup section */

/* Begin XCBuildConfiguration section */
		36120D722927074200B0A5E2 /* Debug */ = {
			isa = XCBuildConfiguration;
			buildSettings = {
				ALWAYS_SEARCH_USER_PATHS = NO;
				CLANG_ANALYZER_NONNULL = YES;
				CLANG_ANALYZER_NUMBER_OBJECT_CONVERSION = YES_AGGRESSIVE;
				CLANG_CXX_LANGUAGE_STANDARD = "gnu++20";
				CLANG_ENABLE_MODULES = YES;
				CLANG_ENABLE_OBJC_ARC = YES;
				CLANG_ENABLE_OBJC_WEAK = YES;
				CLANG_WARN_BLOCK_CAPTURE_AUTORELEASING = YES;
				CLANG_WARN_BOOL_CONVERSION = YES;
				CLANG_WARN_COMMA = YES;
				CLANG_WARN_CONSTANT_CONVERSION = YES;
				CLANG_WARN_DEPRECATED_OBJC_IMPLEMENTATIONS = YES;
				CLANG_WARN_DIRECT_OBJC_ISA_USAGE = YES_ERROR;
				CLANG_WARN_DOCUMENTATION_COMMENTS = YES;
				CLANG_WARN_EMPTY_BODY = YES;
				CLANG_WARN_ENUM_CONVERSION = YES;
				CLANG_WARN_INFINITE_RECURSION = YES;
				CLANG_WARN_INT_CONVERSION = YES;
				CLANG_WARN_NON_LITERAL_NULL_CONVERSION = YES;
				CLANG_WARN_OBJC_IMPLICIT_RETAIN_SELF = YES;
				CLANG_WARN_OBJC_LITERAL_CONVERSION = YES;
				CLANG_WARN_OBJC_ROOT_CLASS = YES_ERROR;
				CLANG_WARN_QUOTED_INCLUDE_IN_FRAMEWORK_HEADER = YES;
				CLANG_WARN_RANGE_LOOP_ANALYSIS = YES;
				CLANG_WARN_STRICT_PROTOTYPES = YES;
				CLANG_WARN_SUSPICIOUS_MOVE = YES;
				CLANG_WARN_UNGUARDED_AVAILABILITY = YES_AGGRESSIVE;
				CLANG_WARN_UNREACHABLE_CODE = YES;
				CLANG_WARN__DUPLICATE_METHOD_MATCH = YES;
				COPY_PHASE_STRIP = NO;
				DEBUG_INFORMATION_FORMAT = dwarf;
				ENABLE_STRICT_OBJC_MSGSEND = YES;
				ENABLE_TESTABILITY = YES;
				GCC_C_LANGUAGE_STANDARD = gnu11;
				GCC_DYNAMIC_NO_PIC = NO;
				GCC_NO_COMMON_BLOCKS = YES;
				GCC_OPTIMIZATION_LEVEL = 0;
				GCC_PREPROCESSOR_DEFINITIONS = (
					"DEBUG=1",
					"$(inherited)",
				);
				GCC_WARN_64_TO_32_BIT_CONVERSION = YES;
				GCC_WARN_ABOUT_RETURN_TYPE = YES_ERROR;
				GCC_WARN_UNDECLARED_SELECTOR = YES;
				GCC_WARN_UNINITIALIZED_AUTOS = YES_AGGRESSIVE;
				GCC_WARN_UNUSED_FUNCTION = YES;
				GCC_WARN_UNUSED_VARIABLE = YES;
				IPHONEOS_DEPLOYMENT_TARGET = 15.0;
				MTL_ENABLE_DEBUG_INFO = INCLUDE_SOURCE;
				MTL_FAST_MATH = YES;
				ONLY_ACTIVE_ARCH = YES;
				SDKROOT = iphoneos;
				SWIFT_ACTIVE_COMPILATION_CONDITIONS = DEBUG;
				SWIFT_OPTIMIZATION_LEVEL = "-Onone";
			};
			name = Debug;
		};
		36120D732927074200B0A5E2 /* Release */ = {
			isa = XCBuildConfiguration;
			buildSettings = {
				ALWAYS_SEARCH_USER_PATHS = NO;
				CLANG_ANALYZER_NONNULL = YES;
				CLANG_ANALYZER_NUMBER_OBJECT_CONVERSION = YES_AGGRESSIVE;
				CLANG_CXX_LANGUAGE_STANDARD = "gnu++20";
				CLANG_ENABLE_MODULES = YES;
				CLANG_ENABLE_OBJC_ARC = YES;
				CLANG_ENABLE_OBJC_WEAK = YES;
				CLANG_WARN_BLOCK_CAPTURE_AUTORELEASING = YES;
				CLANG_WARN_BOOL_CONVERSION = YES;
				CLANG_WARN_COMMA = YES;
				CLANG_WARN_CONSTANT_CONVERSION = YES;
				CLANG_WARN_DEPRECATED_OBJC_IMPLEMENTATIONS = YES;
				CLANG_WARN_DIRECT_OBJC_ISA_USAGE = YES_ERROR;
				CLANG_WARN_DOCUMENTATION_COMMENTS = YES;
				CLANG_WARN_EMPTY_BODY = YES;
				CLANG_WARN_ENUM_CONVERSION = YES;
				CLANG_WARN_INFINITE_RECURSION = YES;
				CLANG_WARN_INT_CONVERSION = YES;
				CLANG_WARN_NON_LITERAL_NULL_CONVERSION = YES;
				CLANG_WARN_OBJC_IMPLICIT_RETAIN_SELF = YES;
				CLANG_WARN_OBJC_LITERAL_CONVERSION = YES;
				CLANG_WARN_OBJC_ROOT_CLASS = YES_ERROR;
				CLANG_WARN_QUOTED_INCLUDE_IN_FRAMEWORK_HEADER = YES;
				CLANG_WARN_RANGE_LOOP_ANALYSIS = YES;
				CLANG_WARN_STRICT_PROTOTYPES = YES;
				CLANG_WARN_SUSPICIOUS_MOVE = YES;
				CLANG_WARN_UNGUARDED_AVAILABILITY = YES_AGGRESSIVE;
				CLANG_WARN_UNREACHABLE_CODE = YES;
				CLANG_WARN__DUPLICATE_METHOD_MATCH = YES;
				COPY_PHASE_STRIP = NO;
				DEBUG_INFORMATION_FORMAT = "dwarf-with-dsym";
				ENABLE_NS_ASSERTIONS = NO;
				ENABLE_STRICT_OBJC_MSGSEND = YES;
				GCC_C_LANGUAGE_STANDARD = gnu11;
				GCC_NO_COMMON_BLOCKS = YES;
				GCC_WARN_64_TO_32_BIT_CONVERSION = YES;
				GCC_WARN_ABOUT_RETURN_TYPE = YES_ERROR;
				GCC_WARN_UNDECLARED_SELECTOR = YES;
				GCC_WARN_UNINITIALIZED_AUTOS = YES_AGGRESSIVE;
				GCC_WARN_UNUSED_FUNCTION = YES;
				GCC_WARN_UNUSED_VARIABLE = YES;
				IPHONEOS_DEPLOYMENT_TARGET = 15.0;
				MTL_ENABLE_DEBUG_INFO = NO;
				MTL_FAST_MATH = YES;
				SDKROOT = iphoneos;
				SWIFT_COMPILATION_MODE = wholemodule;
				SWIFT_OPTIMIZATION_LEVEL = "-O";
				VALIDATE_PRODUCT = YES;
			};
			name = Release;
		};
		36120D752927074200B0A5E2 /* Debug */ = {
			isa = XCBuildConfiguration;
			buildSettings = {
				ASSETCATALOG_COMPILER_APPICON_NAME = AppIcon;
				ASSETCATALOG_COMPILER_GLOBAL_ACCENT_COLOR_NAME = AccentColor;
				ASSETCATALOG_COMPILER_INCLUDE_ALL_APPICON_ASSETS = YES;
				CODE_SIGN_ENTITLEMENTS = BlackSreenVideo/BlackSreenVideoDebug.entitlements;
				CODE_SIGN_IDENTITY = "Apple Development";
				CODE_SIGN_STYLE = Automatic;
				CURRENT_PROJECT_VERSION = 0;
				DEVELOPMENT_TEAM = 89P6MA394F;
				GENERATE_INFOPLIST_FILE = YES;
				INFOPLIST_FILE = BlackSreenVideo/Info.plist;
				INFOPLIST_KEY_CFBundleDisplayName = "安娜錄影";
				INFOPLIST_KEY_NSCameraUsageDescription = "uses the camera to take photos and video.";
				INFOPLIST_KEY_NSMicrophoneUsageDescription = "uses the microphone to record sound during Live Photos and movies.";
				INFOPLIST_KEY_NSPhotoLibraryUsageDescription = "saves captured photos and videos to your photo library.";
				INFOPLIST_KEY_UIApplicationSupportsIndirectInputEvents = YES;
				INFOPLIST_KEY_UILaunchStoryboardName = LaunchScreen;
				INFOPLIST_KEY_UIMainStoryboardFile = Main;
				INFOPLIST_KEY_UIStatusBarHidden = YES;
				INFOPLIST_KEY_UISupportedInterfaceOrientations = "UIInterfaceOrientationLandscapeLeft UIInterfaceOrientationLandscapeRight UIInterfaceOrientationPortrait";
				INFOPLIST_KEY_UISupportedInterfaceOrientations_iPad = UIInterfaceOrientationPortrait;
				IPHONEOS_DEPLOYMENT_TARGET = 15.0;
				LD_RUNPATH_SEARCH_PATHS = (
					"$(inherited)",
					"@executable_path/Frameworks",
				);
				MARKETING_VERSION = 1.2;
				PRODUCT_BUNDLE_IDENTIFIER = tw.com.anna.recording;
				PRODUCT_NAME = "$(TARGET_NAME)";
				PROVISIONING_PROFILE_SPECIFIER = "";
				SUPPORTED_PLATFORMS = "iphoneos iphonesimulator";
				SUPPORTS_MACCATALYST = NO;
				SUPPORTS_MAC_DESIGNED_FOR_IPHONE_IPAD = NO;
				SWIFT_EMIT_LOC_STRINGS = YES;
				SWIFT_VERSION = 5.0;
				TARGETED_DEVICE_FAMILY = 1;
			};
			name = Debug;
		};
		36120D762927074200B0A5E2 /* Release */ = {
			isa = XCBuildConfiguration;
			buildSettings = {
				ASSETCATALOG_COMPILER_APPICON_NAME = AppIcon;
				ASSETCATALOG_COMPILER_GLOBAL_ACCENT_COLOR_NAME = AccentColor;
				ASSETCATALOG_COMPILER_INCLUDE_ALL_APPICON_ASSETS = YES;
				CODE_SIGN_IDENTITY = "Apple Development";
				CODE_SIGN_STYLE = Automatic;
				CURRENT_PROJECT_VERSION = 0;
				DEVELOPMENT_TEAM = 89P6MA394F;
				GENERATE_INFOPLIST_FILE = YES;
				INFOPLIST_FILE = BlackSreenVideo/Info.plist;
				INFOPLIST_KEY_CFBundleDisplayName = "安娜錄影";
				INFOPLIST_KEY_NSCameraUsageDescription = "uses the camera to take photos and video.";
				INFOPLIST_KEY_NSMicrophoneUsageDescription = "uses the microphone to record sound during Live Photos and movies.";
				INFOPLIST_KEY_NSPhotoLibraryUsageDescription = "saves captured photos and videos to your photo library.";
				INFOPLIST_KEY_UIApplicationSupportsIndirectInputEvents = YES;
				INFOPLIST_KEY_UILaunchStoryboardName = LaunchScreen;
				INFOPLIST_KEY_UIMainStoryboardFile = Main;
				INFOPLIST_KEY_UIStatusBarHidden = YES;
				INFOPLIST_KEY_UISupportedInterfaceOrientations = "UIInterfaceOrientationLandscapeLeft UIInterfaceOrientationLandscapeRight UIInterfaceOrientationPortrait";
				INFOPLIST_KEY_UISupportedInterfaceOrientations_iPad = UIInterfaceOrientationPortrait;
				IPHONEOS_DEPLOYMENT_TARGET = 15.0;
				LD_RUNPATH_SEARCH_PATHS = (
					"$(inherited)",
					"@executable_path/Frameworks",
				);
				MARKETING_VERSION = 1.2;
				PRODUCT_BUNDLE_IDENTIFIER = tw.com.anna.recording;
				PRODUCT_NAME = "$(TARGET_NAME)";
				PROVISIONING_PROFILE_SPECIFIER = "";
				SUPPORTED_PLATFORMS = "iphoneos iphonesimulator";
				SUPPORTS_MACCATALYST = NO;
				SUPPORTS_MAC_DESIGNED_FOR_IPHONE_IPAD = NO;
				SWIFT_EMIT_LOC_STRINGS = YES;
				SWIFT_VERSION = 5.0;
				TARGETED_DEVICE_FAMILY = 1;
			};
			name = Release;
		};
		36120D782927074200B0A5E2 /* Debug */ = {
			isa = XCBuildConfiguration;
			buildSettings = {
				ALWAYS_EMBED_SWIFT_STANDARD_LIBRARIES = YES;
				BUNDLE_LOADER = "$(TEST_HOST)";
				CODE_SIGN_STYLE = Automatic;
				CURRENT_PROJECT_VERSION = 1;
				DEVELOPMENT_TEAM = NZT54R9366;
				GENERATE_INFOPLIST_FILE = YES;
				IPHONEOS_DEPLOYMENT_TARGET = 16.0;
				MARKETING_VERSION = 1.0;
				PRODUCT_BUNDLE_IDENTIFIER = tw.com.ehun.textViewTest.BlackSreenVideoTests;
				PRODUCT_NAME = "$(TARGET_NAME)";
				SWIFT_EMIT_LOC_STRINGS = NO;
				SWIFT_VERSION = 5.0;
				TARGETED_DEVICE_FAMILY = "1,2";
				TEST_HOST = "$(BUILT_PRODUCTS_DIR)/BlackSreenVideo.app/$(BUNDLE_EXECUTABLE_FOLDER_PATH)/BlackSreenVideo";
			};
			name = Debug;
		};
		36120D792927074200B0A5E2 /* Release */ = {
			isa = XCBuildConfiguration;
			buildSettings = {
				ALWAYS_EMBED_SWIFT_STANDARD_LIBRARIES = YES;
				BUNDLE_LOADER = "$(TEST_HOST)";
				CODE_SIGN_STYLE = Automatic;
				CURRENT_PROJECT_VERSION = 1;
				DEVELOPMENT_TEAM = NZT54R9366;
				GENERATE_INFOPLIST_FILE = YES;
				IPHONEOS_DEPLOYMENT_TARGET = 16.0;
				MARKETING_VERSION = 1.0;
				PRODUCT_BUNDLE_IDENTIFIER = tw.com.ehun.textViewTest.BlackSreenVideoTests;
				PRODUCT_NAME = "$(TARGET_NAME)";
				SWIFT_EMIT_LOC_STRINGS = NO;
				SWIFT_VERSION = 5.0;
				TARGETED_DEVICE_FAMILY = "1,2";
				TEST_HOST = "$(BUILT_PRODUCTS_DIR)/BlackSreenVideo.app/$(BUNDLE_EXECUTABLE_FOLDER_PATH)/BlackSreenVideo";
			};
			name = Release;
		};
		36120D7B2927074200B0A5E2 /* Debug */ = {
			isa = XCBuildConfiguration;
			buildSettings = {
				ALWAYS_EMBED_SWIFT_STANDARD_LIBRARIES = YES;
				CODE_SIGN_STYLE = Automatic;
				CURRENT_PROJECT_VERSION = 1;
				DEVELOPMENT_TEAM = NZT54R9366;
				GENERATE_INFOPLIST_FILE = YES;
				MARKETING_VERSION = 1.0;
				PRODUCT_BUNDLE_IDENTIFIER = tw.com.ehun.textViewTest.BlackSreenVideoUITests;
				PRODUCT_NAME = "$(TARGET_NAME)";
				SWIFT_EMIT_LOC_STRINGS = NO;
				SWIFT_VERSION = 5.0;
				TARGETED_DEVICE_FAMILY = "1,2";
				TEST_TARGET_NAME = BlackSreenVideo;
			};
			name = Debug;
		};
		36120D7C2927074200B0A5E2 /* Release */ = {
			isa = XCBuildConfiguration;
			buildSettings = {
				ALWAYS_EMBED_SWIFT_STANDARD_LIBRARIES = YES;
				CODE_SIGN_STYLE = Automatic;
				CURRENT_PROJECT_VERSION = 1;
				DEVELOPMENT_TEAM = NZT54R9366;
				GENERATE_INFOPLIST_FILE = YES;
				MARKETING_VERSION = 1.0;
				PRODUCT_BUNDLE_IDENTIFIER = tw.com.ehun.textViewTest.BlackSreenVideoUITests;
				PRODUCT_NAME = "$(TARGET_NAME)";
				SWIFT_EMIT_LOC_STRINGS = NO;
				SWIFT_VERSION = 5.0;
				TARGETED_DEVICE_FAMILY = "1,2";
				TEST_TARGET_NAME = BlackSreenVideo;
			};
			name = Release;
		};
/* End XCBuildConfiguration section */

/* Begin XCConfigurationList section */
		36120D452927074000B0A5E2 /* Build configuration list for PBXProject "BlackSreenVideo" */ = {
			isa = XCConfigurationList;
			buildConfigurations = (
				36120D722927074200B0A5E2 /* Debug */,
				36120D732927074200B0A5E2 /* Release */,
			);
			defaultConfigurationIsVisible = 0;
			defaultConfigurationName = Release;
		};
		36120D742927074200B0A5E2 /* Build configuration list for PBXNativeTarget "BlackSreenVideo" */ = {
			isa = XCConfigurationList;
			buildConfigurations = (
				36120D752927074200B0A5E2 /* Debug */,
				36120D762927074200B0A5E2 /* Release */,
			);
			defaultConfigurationIsVisible = 0;
			defaultConfigurationName = Release;
		};
		36120D772927074200B0A5E2 /* Build configuration list for PBXNativeTarget "BlackSreenVideoTests" */ = {
			isa = XCConfigurationList;
			buildConfigurations = (
				36120D782927074200B0A5E2 /* Debug */,
				36120D792927074200B0A5E2 /* Release */,
			);
			defaultConfigurationIsVisible = 0;
			defaultConfigurationName = Release;
		};
		36120D7A2927074200B0A5E2 /* Build configuration list for PBXNativeTarget "BlackSreenVideoUITests" */ = {
			isa = XCConfigurationList;
			buildConfigurations = (
				36120D7B2927074200B0A5E2 /* Debug */,
				36120D7C2927074200B0A5E2 /* Release */,
			);
			defaultConfigurationIsVisible = 0;
			defaultConfigurationName = Release;
		};
/* End XCConfigurationList section */
	};
	rootObject = 36120D422927074000B0A5E2 /* Project object */;
}
